
Microsoft Visual Studio Solution File, Format Version 12.00
# Visual Studio Version 16
VisualStudioVersion = 16.0.810.23
MinimumVisualStudioVersion = 10.0.40219.1
Project("{FAE04EC0-301F-11D3-BF4B-00C04F79EFBC}") = "ExceptionHandlingExercise_2", "ExceptionHandlingExercise_2\ExceptionHandlingExercise_2.csproj", "{1F9A36D6-32FB-4E12-AFA1-829D80C1C19B}"
EndProject
Global
	GlobalSection(SolutionConfigurationPlatforms) = preSolution
		Debug|Any CPU = Debug|Any CPU
		Release|Any CPU = Release|Any CPU
	EndGlobalSection
	GlobalSection(ProjectConfigurationPlatforms) = postSolution
		{1F9A36D6-32FB-4E12-AFA1-829D80C1C19B}.Debug|Any CPU.ActiveCfg = Debug|Any CPU
		{1F9A36D6-32FB-4E12-AFA1-829D80C1C19B}.Debug|Any CPU.Build.0 = Debug|Any CPU
		{1F9A36D6-32FB-4E12-AFA1-829D80C1C19B}.Release|Any CPU.ActiveCfg = Release|Any CPU
		{1F9A36D6-32FB-4E12-AFA1-829D80C1C19B}.Release|Any CPU.Build.0 = Release|Any CPU
	EndGlobalSection
	GlobalSection(SolutionProperties) = preSolution
		HideSolutionNode = FALSE
	EndGlobalSection
	GlobalSection(ExtensibilityGlobals) = postSolution
		SolutionGuid = {384411E1-FBD3-41F2-BF6D-2E3FB2E0555E}
	EndGlobalSection
EndGlobal
